// !$*UTF8*$!
{
	archiveVersion = 1;
	classes = {
	};
	objectVersion = 55;
	objects = {

/* Begin PBXBuildFile section */
		04CE3687274D086900204B8E /* main.mm in Sources */ = {isa = PBXBuildFile; fileRef = 04CE3686274D086900204B8E /* main.mm */; };
		04CE368F274D089700204B8E /* imgui.cpp in Sources */ = {isa = PBXBuildFile; fileRef = 04CE3688274D089700204B8E /* imgui.cpp */; };
		04CE3690274D089700204B8E /* imgui_draw.cpp in Sources */ = {isa = PBXBuildFile; fileRef = 04CE3689274D089700204B8E /* imgui_draw.cpp */; };
		04CE3691274D089700204B8E /* imgui_tables.cpp in Sources */ = {isa = PBXBuildFile; fileRef = 04CE368A274D089700204B8E /* imgui_tables.cpp */; };
		04CE3692274D089700204B8E /* imgui_demo.cpp in Sources */ = {isa = PBXBuildFile; fileRef = 04CE368B274D089700204B8E /* imgui_demo.cpp */; };
		04CE3693274D089700204B8E /* imgui_widgets.cpp in Sources */ = {isa = PBXBuildFile; fileRef = 04CE368D274D089700204B8E /* imgui_widgets.cpp */; };
		04CE3698274D08BC00204B8E /* imgui_impl_glfw.cpp in Sources */ = {isa = PBXBuildFile; fileRef = 04CE3695274D08BC00204B8E /* imgui_impl_glfw.cpp */; };
		04CE3699274D08BC00204B8E /* imgui_impl_metal.mm in Sources */ = {isa = PBXBuildFile; fileRef = 04CE3696274D08BC00204B8E /* imgui_impl_metal.mm */; };
		04CE36A0274D096600204B8E /* Metal.framework in Frameworks */ = {isa = PBXBuildFile; fileRef = 04CE369F274D096600204B8E /* Metal.framework */; };
		04CE36A2274D096A00204B8E /* MetalKit.framework in Frameworks */ = {isa = PBXBuildFile; fileRef = 04CE36A1274D096A00204B8E /* MetalKit.framework */; };
		04CE36B8274D0AAB00204B8E /* QuartzCore.framework in Frameworks */ = {isa = PBXBuildFile; fileRef = 04CE36B7274D0AAB00204B8E /* QuartzCore.framework */; };
		04CE36C6274D0C5B00204B8E /* platform.cc in Sources */ = {isa = PBXBuildFile; fileRef = 04CE36C3274D0C5B00204B8E /* platform.cc */; };
		04CE36C7274D0C5B00204B8E /* log.cc in Sources */ = {isa = PBXBuildFile; fileRef = 04CE36C4274D0C5B00204B8E /* log.cc */; };
		04CE36CB274D0C8A00204B8E /* allocator.cc in Sources */ = {isa = PBXBuildFile; fileRef = 04CE36CA274D0C8900204B8E /* allocator.cc */; };
		04CE36DB274D0CAC00204B8E /* string_archive.cc in Sources */ = {isa = PBXBuildFile; fileRef = 04CE36CF274D0CAB00204B8E /* string_archive.cc */; };
		04CE36F2274D0CDC00204B8E /* math_archive.cc in Sources */ = {isa = PBXBuildFile; fileRef = 04CE36E5274D0CDB00204B8E /* math_archive.cc */; };
		04CE36F3274D0CDC00204B8E /* simd_math_archive.cc in Sources */ = {isa = PBXBuildFile; fileRef = 04CE36E7274D0CDC00204B8E /* simd_math_archive.cc */; };
		04CE36F4274D0CDC00204B8E /* simd_math.cc in Sources */ = {isa = PBXBuildFile; fileRef = 04CE36EA274D0CDC00204B8E /* simd_math.cc */; };
		04CE36F5274D0CDC00204B8E /* box.cc in Sources */ = {isa = PBXBuildFile; fileRef = 04CE36EF274D0CDC00204B8E /* box.cc */; };
		04CE36F6274D0CDC00204B8E /* soa_math_archive.cc in Sources */ = {isa = PBXBuildFile; fileRef = 04CE36F0274D0CDC00204B8E /* soa_math_archive.cc */; };
		04CE36FF274D0D6A00204B8E /* stream.cc in Sources */ = {isa = PBXBuildFile; fileRef = 04CE36FA274D0D6A00204B8E /* stream.cc */; };
		04CE3700274D0D6A00204B8E /* archive.cc in Sources */ = {isa = PBXBuildFile; fileRef = 04CE36FB274D0D6A00204B8E /* archive.cc */; };
/* End PBXBuildFile section */

/* Begin PBXCopyFilesBuildPhase section */
		04CE367A274D077100204B8E /* CopyFiles */ = {
			isa = PBXCopyFilesBuildPhase;
			buildActionMask = 2147483647;
			dstPath = /usr/share/man/man1/;
			dstSubfolderSpec = 0;
			files = (
			);
			runOnlyForDeploymentPostprocessing = 1;
		};
/* End PBXCopyFilesBuildPhase section */

/* Begin PBXFileReference section */
		04CE367C274D077100204B8E /* apps */ = {isa = PBXFileReference; explicitFileType = "compiled.mach-o.executable"; includeInIndex = 0; path = apps; sourceTree = BUILT_PRODUCTS_DIR; };
		04CE3686274D086900204B8E /* main.mm */ = {isa = PBXFileReference; fileEncoding = 4; lastKnownFileType = sourcecode.cpp.objcpp; path = main.mm; sourceTree = "<group>"; };
		04CE3688274D089700204B8E /* imgui.cpp */ = {isa = PBXFileReference; fileEncoding = 4; lastKnownFileType = sourcecode.cpp.cpp; path = imgui.cpp; sourceTree = "<group>"; };
		04CE3689274D089700204B8E /* imgui_draw.cpp */ = {isa = PBXFileReference; fileEncoding = 4; lastKnownFileType = sourcecode.cpp.cpp; path = imgui_draw.cpp; sourceTree = "<group>"; };
		04CE368A274D089700204B8E /* imgui_tables.cpp */ = {isa = PBXFileReference; fileEncoding = 4; lastKnownFileType = sourcecode.cpp.cpp; path = imgui_tables.cpp; sourceTree = "<group>"; };
		04CE368B274D089700204B8E /* imgui_demo.cpp */ = {isa = PBXFileReference; fileEncoding = 4; lastKnownFileType = sourcecode.cpp.cpp; path = imgui_demo.cpp; sourceTree = "<group>"; };
		04CE368C274D089700204B8E /* imgui.h */ = {isa = PBXFileReference; fileEncoding = 4; lastKnownFileType = sourcecode.c.h; path = imgui.h; sourceTree = "<group>"; };
		04CE368D274D089700204B8E /* imgui_widgets.cpp */ = {isa = PBXFileReference; fileEncoding = 4; lastKnownFileType = sourcecode.cpp.cpp; path = imgui_widgets.cpp; sourceTree = "<group>"; };
		04CE368E274D089700204B8E /* imgui_internal.h */ = {isa = PBXFileReference; fileEncoding = 4; lastKnownFileType = sourcecode.c.h; path = imgui_internal.h; sourceTree = "<group>"; };
		04CE3694274D08BC00204B8E /* imgui_impl_metal.h */ = {isa = PBXFileReference; fileEncoding = 4; lastKnownFileType = sourcecode.c.h; path = imgui_impl_metal.h; sourceTree = "<group>"; };
		04CE3695274D08BC00204B8E /* imgui_impl_glfw.cpp */ = {isa = PBXFileReference; fileEncoding = 4; lastKnownFileType = sourcecode.cpp.cpp; path = imgui_impl_glfw.cpp; sourceTree = "<group>"; };
		04CE3696274D08BC00204B8E /* imgui_impl_metal.mm */ = {isa = PBXFileReference; fileEncoding = 4; lastKnownFileType = sourcecode.cpp.objcpp; path = imgui_impl_metal.mm; sourceTree = "<group>"; };
		04CE3697274D08BC00204B8E /* imgui_impl_glfw.h */ = {isa = PBXFileReference; fileEncoding = 4; lastKnownFileType = sourcecode.c.h; path = imgui_impl_glfw.h; sourceTree = "<group>"; };
		04CE369A274D094C00204B8E /* imconfig.h */ = {isa = PBXFileReference; fileEncoding = 4; lastKnownFileType = sourcecode.c.h; path = imconfig.h; sourceTree = "<group>"; };
		04CE369B274D094C00204B8E /* imstb_rectpack.h */ = {isa = PBXFileReference; fileEncoding = 4; lastKnownFileType = sourcecode.c.h; path = imstb_rectpack.h; sourceTree = "<group>"; };
		04CE369C274D094C00204B8E /* imstb_truetype.h */ = {isa = PBXFileReference; fileEncoding = 4; lastKnownFileType = sourcecode.c.h; path = imstb_truetype.h; sourceTree = "<group>"; };
		04CE369D274D094C00204B8E /* imstb_textedit.h */ = {isa = PBXFileReference; fileEncoding = 4; lastKnownFileType = sourcecode.c.h; path = imstb_textedit.h; sourceTree = "<group>"; };
		04CE369F274D096600204B8E /* Metal.framework */ = {isa = PBXFileReference; lastKnownFileType = wrapper.framework; name = Metal.framework; path = System/Library/Frameworks/Metal.framework; sourceTree = SDKROOT; };
		04CE36A1274D096A00204B8E /* MetalKit.framework */ = {isa = PBXFileReference; lastKnownFileType = wrapper.framework; name = MetalKit.framework; path = System/Library/Frameworks/MetalKit.framework; sourceTree = SDKROOT; };
		04CE36A3274D097600204B8E /* Cocoa.framework */ = {isa = PBXFileReference; lastKnownFileType = wrapper.framework; name = Cocoa.framework; path = System/Library/Frameworks/Cocoa.framework; sourceTree = SDKROOT; };
		04CE36A5274D098600204B8E /* CoreGraphics.framework */ = {isa = PBXFileReference; lastKnownFileType = wrapper.framework; name = CoreGraphics.framework; path = System/Library/Frameworks/CoreGraphics.framework; sourceTree = SDKROOT; };
		04CE36A7274D09A000204B8E /* CoreVideo.framework */ = {isa = PBXFileReference; lastKnownFileType = wrapper.framework; name = CoreVideo.framework; path = System/Library/Frameworks/CoreVideo.framework; sourceTree = SDKROOT; };
		04CE36A9274D09FB00204B8E /* AppKit.framework */ = {isa = PBXFileReference; lastKnownFileType = wrapper.framework; name = AppKit.framework; path = System/Library/Frameworks/AppKit.framework; sourceTree = SDKROOT; };
		04CE36AB274D0A2700204B8E /* CoreImage.framework */ = {isa = PBXFileReference; lastKnownFileType = wrapper.framework; name = CoreImage.framework; path = System/Library/Frameworks/CoreImage.framework; sourceTree = SDKROOT; };
		04CE36B1274D0A7700204B8E /* AVKit.framework */ = {isa = PBXFileReference; lastKnownFileType = wrapper.framework; name = AVKit.framework; path = System/Library/Frameworks/AVKit.framework; sourceTree = SDKROOT; };
		04CE36B3274D0A8400204B8E /* CoreFoundation.framework */ = {isa = PBXFileReference; lastKnownFileType = wrapper.framework; name = CoreFoundation.framework; path = System/Library/Frameworks/CoreFoundation.framework; sourceTree = SDKROOT; };
		04CE36B5274D0A9700204B8E /* GLKit.framework */ = {isa = PBXFileReference; lastKnownFileType = wrapper.framework; name = GLKit.framework; path = System/Library/Frameworks/GLKit.framework; sourceTree = SDKROOT; };
		04CE36B7274D0AAB00204B8E /* QuartzCore.framework */ = {isa = PBXFileReference; lastKnownFileType = wrapper.framework; name = QuartzCore.framework; path = System/Library/Frameworks/QuartzCore.framework; sourceTree = SDKROOT; };
		04CE36B9274D0AC600204B8E /* apps.entitlements */ = {isa = PBXFileReference; lastKnownFileType = text.plist.entitlements; path = apps.entitlements; sourceTree = "<group>"; };
		04CE36BF274D0C5B00204B8E /* platform.h */ = {isa = PBXFileReference; fileEncoding = 4; lastKnownFileType = sourcecode.c.h; path = platform.h; sourceTree = "<group>"; };
		04CE36C0274D0C5B00204B8E /* endianness.h */ = {isa = PBXFileReference; fileEncoding = 4; lastKnownFileType = sourcecode.c.h; path = endianness.h; sourceTree = "<group>"; };
		04CE36C1274D0C5B00204B8E /* gtest_helper.h */ = {isa = PBXFileReference; fileEncoding = 4; lastKnownFileType = sourcecode.c.h; path = gtest_helper.h; sourceTree = "<group>"; };
		04CE36C2274D0C5B00204B8E /* log.h */ = {isa = PBXFileReference; fileEncoding = 4; lastKnownFileType = sourcecode.c.h; path = log.h; sourceTree = "<group>"; };
		04CE36C3274D0C5B00204B8E /* platform.cc */ = {isa = PBXFileReference; fileEncoding = 4; lastKnownFileType = sourcecode.cpp.cpp; path = platform.cc; sourceTree = "<group>"; };
		04CE36C4274D0C5B00204B8E /* log.cc */ = {isa = PBXFileReference; fileEncoding = 4; lastKnownFileType = sourcecode.cpp.cpp; path = log.cc; sourceTree = "<group>"; };
		04CE36C5274D0C5B00204B8E /* span.h */ = {isa = PBXFileReference; fileEncoding = 4; lastKnownFileType = sourcecode.c.h; path = span.h; sourceTree = "<group>"; };
		04CE36C8274D0C8900204B8E /* allocator.h */ = {isa = PBXFileReference; fileEncoding = 4; lastKnownFileType = sourcecode.c.h; path = allocator.h; sourceTree = "<group>"; };
		04CE36C9274D0C8900204B8E /* unique_ptr.h */ = {isa = PBXFileReference; fileEncoding = 4; lastKnownFileType = sourcecode.c.h; path = unique_ptr.h; sourceTree = "<group>"; };
		04CE36CA274D0C8900204B8E /* allocator.cc */ = {isa = PBXFileReference; fileEncoding = 4; lastKnownFileType = sourcecode.cpp.cpp; path = allocator.cc; sourceTree = "<group>"; };
		04CE36CC274D0CAB00204B8E /* intrusive_list.h */ = {isa = PBXFileReference; fileEncoding = 4; lastKnownFileType = sourcecode.c.h; path = intrusive_list.h; sourceTree = "<group>"; };
		04CE36CD274D0CAB00204B8E /* list.h */ = {isa = PBXFileReference; fileEncoding = 4; lastKnownFileType = sourcecode.c.h; path = list.h; sourceTree = "<group>"; };
		04CE36CE274D0CAB00204B8E /* string.h */ = {isa = PBXFileReference; fileEncoding = 4; lastKnownFileType = sourcecode.c.h; path = string.h; sourceTree = "<group>"; };
		04CE36CF274D0CAB00204B8E /* string_archive.cc */ = {isa = PBXFileReference; fileEncoding = 4; lastKnownFileType = sourcecode.cpp.cpp; path = string_archive.cc; sourceTree = "<group>"; };
		04CE36D0274D0CAB00204B8E /* vector.h */ = {isa = PBXFileReference; fileEncoding = 4; lastKnownFileType = sourcecode.c.h; path = vector.h; sourceTree = "<group>"; };
		04CE36D1274D0CAB00204B8E /* queue.h */ = {isa = PBXFileReference; fileEncoding = 4; lastKnownFileType = sourcecode.c.h; path = queue.h; sourceTree = "<group>"; };
		04CE36D2274D0CAB00204B8E /* deque.h */ = {isa = PBXFileReference; fileEncoding = 4; lastKnownFileType = sourcecode.c.h; path = deque.h; sourceTree = "<group>"; };
		04CE36D3274D0CAB00204B8E /* unordered_set.h */ = {isa = PBXFileReference; fileEncoding = 4; lastKnownFileType = sourcecode.c.h; path = unordered_set.h; sourceTree = "<group>"; };
		04CE36D4274D0CAB00204B8E /* map.h */ = {isa = PBXFileReference; fileEncoding = 4; lastKnownFileType = sourcecode.c.h; path = map.h; sourceTree = "<group>"; };
		04CE36D5274D0CAC00204B8E /* set.h */ = {isa = PBXFileReference; fileEncoding = 4; lastKnownFileType = sourcecode.c.h; path = set.h; sourceTree = "<group>"; };
		04CE36D6274D0CAC00204B8E /* stack.h */ = {isa = PBXFileReference; fileEncoding = 4; lastKnownFileType = sourcecode.c.h; path = stack.h; sourceTree = "<group>"; };
		04CE36D7274D0CAC00204B8E /* unordered_map.h */ = {isa = PBXFileReference; fileEncoding = 4; lastKnownFileType = sourcecode.c.h; path = unordered_map.h; sourceTree = "<group>"; };
		04CE36D8274D0CAC00204B8E /* string_archive.h */ = {isa = PBXFileReference; fileEncoding = 4; lastKnownFileType = sourcecode.c.h; path = string_archive.h; sourceTree = "<group>"; };
		04CE36D9274D0CAC00204B8E /* std_allocator.h */ = {isa = PBXFileReference; fileEncoding = 4; lastKnownFileType = sourcecode.c.h; path = std_allocator.h; sourceTree = "<group>"; };
		04CE36DA274D0CAC00204B8E /* vector_archive.h */ = {isa = PBXFileReference; fileEncoding = 4; lastKnownFileType = sourcecode.c.h; path = vector_archive.h; sourceTree = "<group>"; };
		04CE36DC274D0CDB00204B8E /* gtest_math_helper.h */ = {isa = PBXFileReference; fileEncoding = 4; lastKnownFileType = sourcecode.c.h; path = gtest_math_helper.h; sourceTree = "<group>"; };
		04CE36DD274D0CDB00204B8E /* quaternion.h */ = {isa = PBXFileReference; fileEncoding = 4; lastKnownFileType = sourcecode.c.h; path = quaternion.h; sourceTree = "<group>"; };
		04CE36DE274D0CDB00204B8E /* simd_math_archive.h */ = {isa = PBXFileReference; fileEncoding = 4; lastKnownFileType = sourcecode.c.h; path = simd_math_archive.h; sourceTree = "<group>"; };
		04CE36DF274D0CDB00204B8E /* vec_float.h */ = {isa = PBXFileReference; fileEncoding = 4; lastKnownFileType = sourcecode.c.h; path = vec_float.h; sourceTree = "<group>"; };
		04CE36E0274D0CDB00204B8E /* soa_transform.h */ = {isa = PBXFileReference; fileEncoding = 4; lastKnownFileType = sourcecode.c.h; path = soa_transform.h; sourceTree = "<group>"; };
		04CE36E1274D0CDB00204B8E /* math_constant.h */ = {isa = PBXFileReference; fileEncoding = 4; lastKnownFileType = sourcecode.c.h; path = math_constant.h; sourceTree = "<group>"; };
		04CE36E2274D0CDB00204B8E /* math_ex.h */ = {isa = PBXFileReference; fileEncoding = 4; lastKnownFileType = sourcecode.c.h; path = math_ex.h; sourceTree = "<group>"; };
		04CE36E3274D0CDB00204B8E /* soa_math_archive.h */ = {isa = PBXFileReference; fileEncoding = 4; lastKnownFileType = sourcecode.c.h; path = soa_math_archive.h; sourceTree = "<group>"; };
		04CE36E4274D0CDB00204B8E /* soa_float4x4.h */ = {isa = PBXFileReference; fileEncoding = 4; lastKnownFileType = sourcecode.c.h; path = soa_float4x4.h; sourceTree = "<group>"; };
		04CE36E5274D0CDB00204B8E /* math_archive.cc */ = {isa = PBXFileReference; fileEncoding = 4; lastKnownFileType = sourcecode.cpp.cpp; path = math_archive.cc; sourceTree = "<group>"; };
		04CE36E6274D0CDC00204B8E /* simd_quaternion.h */ = {isa = PBXFileReference; fileEncoding = 4; lastKnownFileType = sourcecode.c.h; path = simd_quaternion.h; sourceTree = "<group>"; };
		04CE36E7274D0CDC00204B8E /* simd_math_archive.cc */ = {isa = PBXFileReference; fileEncoding = 4; lastKnownFileType = sourcecode.cpp.cpp; path = simd_math_archive.cc; sourceTree = "<group>"; };
		04CE36E8274D0CDC00204B8E /* math_archive.h */ = {isa = PBXFileReference; fileEncoding = 4; lastKnownFileType = sourcecode.c.h; path = math_archive.h; sourceTree = "<group>"; };
		04CE36E9274D0CDC00204B8E /* box.h */ = {isa = PBXFileReference; fileEncoding = 4; lastKnownFileType = sourcecode.c.h; path = box.h; sourceTree = "<group>"; };
		04CE36EA274D0CDC00204B8E /* simd_math.cc */ = {isa = PBXFileReference; fileEncoding = 4; lastKnownFileType = sourcecode.cpp.cpp; path = simd_math.cc; sourceTree = "<group>"; };
		04CE36EB274D0CDC00204B8E /* transform.h */ = {isa = PBXFileReference; fileEncoding = 4; lastKnownFileType = sourcecode.c.h; path = transform.h; sourceTree = "<group>"; };
		04CE36EC274D0CDC00204B8E /* simd_math.h */ = {isa = PBXFileReference; fileEncoding = 4; lastKnownFileType = sourcecode.c.h; path = simd_math.h; sourceTree = "<group>"; };
		04CE36ED274D0CDC00204B8E /* soa_float.h */ = {isa = PBXFileReference; fileEncoding = 4; lastKnownFileType = sourcecode.c.h; path = soa_float.h; sourceTree = "<group>"; };
		04CE36EE274D0CDC00204B8E /* rect.h */ = {isa = PBXFileReference; fileEncoding = 4; lastKnownFileType = sourcecode.c.h; path = rect.h; sourceTree = "<group>"; };
		04CE36EF274D0CDC00204B8E /* box.cc */ = {isa = PBXFileReference; fileEncoding = 4; lastKnownFileType = sourcecode.cpp.cpp; path = box.cc; sourceTree = "<group>"; };
		04CE36F0274D0CDC00204B8E /* soa_math_archive.cc */ = {isa = PBXFileReference; fileEncoding = 4; lastKnownFileType = sourcecode.cpp.cpp; path = soa_math_archive.cc; sourceTree = "<group>"; };
		04CE36F1274D0CDC00204B8E /* soa_quaternion.h */ = {isa = PBXFileReference; fileEncoding = 4; lastKnownFileType = sourcecode.c.h; path = soa_quaternion.h; sourceTree = "<group>"; };
		04CE36F7274D0CE600204B8E /* simd_math_sse-inl.h */ = {isa = PBXFileReference; fileEncoding = 4; lastKnownFileType = sourcecode.c.h; path = "simd_math_sse-inl.h"; sourceTree = "<group>"; };
		04CE36F8274D0CE600204B8E /* simd_math_config.h */ = {isa = PBXFileReference; fileEncoding = 4; lastKnownFileType = sourcecode.c.h; path = simd_math_config.h; sourceTree = "<group>"; };
		04CE36F9274D0CE600204B8E /* simd_math_ref-inl.h */ = {isa = PBXFileReference; fileEncoding = 4; lastKnownFileType = sourcecode.c.h; path = "simd_math_ref-inl.h"; sourceTree = "<group>"; };
		04CE36FA274D0D6A00204B8E /* stream.cc */ = {isa = PBXFileReference; fileEncoding = 4; lastKnownFileType = sourcecode.cpp.cpp; path = stream.cc; sourceTree = "<group>"; };
		04CE36FB274D0D6A00204B8E /* archive.cc */ = {isa = PBXFileReference; fileEncoding = 4; lastKnownFileType = sourcecode.cpp.cpp; path = archive.cc; sourceTree = "<group>"; };
		04CE36FC274D0D6A00204B8E /* stream.h */ = {isa = PBXFileReference; fileEncoding = 4; lastKnownFileType = sourcecode.c.h; path = stream.h; sourceTree = "<group>"; };
		04CE36FD274D0D6A00204B8E /* archive_traits.h */ = {isa = PBXFileReference; fileEncoding = 4; lastKnownFileType = sourcecode.c.h; path = archive_traits.h; sourceTree = "<group>"; };
		04CE36FE274D0D6A00204B8E /* archive.h */ = {isa = PBXFileReference; fileEncoding = 4; lastKnownFileType = sourcecode.c.h; path = archive.h; sourceTree = "<group>"; };
/* End PBXFileReference section */

/* Begin PBXFrameworksBuildPhase section */
		04CE3679274D077100204B8E /* Frameworks */ = {
			isa = PBXFrameworksBuildPhase;
			buildActionMask = 2147483647;
			files = (
				04CE36B8274D0AAB00204B8E /* QuartzCore.framework in Frameworks */,
				04CE36A2274D096A00204B8E /* MetalKit.framework in Frameworks */,
				04CE36A0274D096600204B8E /* Metal.framework in Frameworks */,
			);
			runOnlyForDeploymentPostprocessing = 0;
		};
/* End PBXFrameworksBuildPhase section */

/* Begin PBXGroup section */
		04CE3673274D077100204B8E = {
			isa = PBXGroup;
			children = (
				04CE367E274D077100204B8E /* apps */,
				04CE367D274D077100204B8E /* Products */,
				04CE369E274D096600204B8E /* Frameworks */,
			);
			sourceTree = "<group>";
		};
		04CE367D274D077100204B8E /* Products */ = {
			isa = PBXGroup;
			children = (
				04CE367C274D077100204B8E /* apps */,
			);
			name = Products;
			sourceTree = "<group>";
		};
		04CE367E274D077100204B8E /* apps */ = {
			isa = PBXGroup;
			children = (
				04CE36BF274D0C5B00204B8E /* platform.h */,
				04CE36C3274D0C5B00204B8E /* platform.cc */,
				04CE36C0274D0C5B00204B8E /* endianness.h */,
				04CE36C2274D0C5B00204B8E /* log.h */,
				04CE36C4274D0C5B00204B8E /* log.cc */,
				04CE36C5274D0C5B00204B8E /* span.h */,
				04CE36C1274D0C5B00204B8E /* gtest_helper.h */,
				04CE36BE274D0C1D00204B8E /* memory */,
				04CE36BD274D0C0E00204B8E /* containers */,
				04CE36BB274D0BF200204B8E /* maths */,
				04CE36BA274D0BE900204B8E /* io */,
				04CE36B9274D0AC600204B8E /* apps.entitlements */,
				04CE368B274D089700204B8E /* imgui_demo.cpp */,
				04CE368C274D089700204B8E /* imgui.h */,
				04CE3688274D089700204B8E /* imgui.cpp */,
				04CE3689274D089700204B8E /* imgui_draw.cpp */,
				04CE368A274D089700204B8E /* imgui_tables.cpp */,
				04CE368D274D089700204B8E /* imgui_widgets.cpp */,
				04CE368E274D089700204B8E /* imgui_internal.h */,
				04CE369A274D094C00204B8E /* imconfig.h */,
				04CE369B274D094C00204B8E /* imstb_rectpack.h */,
				04CE369D274D094C00204B8E /* imstb_textedit.h */,
				04CE369C274D094C00204B8E /* imstb_truetype.h */,
				04CE3697274D08BC00204B8E /* imgui_impl_glfw.h */,
				04CE3695274D08BC00204B8E /* imgui_impl_glfw.cpp */,
				04CE3694274D08BC00204B8E /* imgui_impl_metal.h */,
				04CE3696274D08BC00204B8E /* imgui_impl_metal.mm */,
				04CE3686274D086900204B8E /* main.mm */,
			);
			path = apps;
			sourceTree = "<group>";
		};
		04CE369E274D096600204B8E /* Frameworks */ = {
			isa = PBXGroup;
			children = (
				04CE36B7274D0AAB00204B8E /* QuartzCore.framework */,
				04CE36B5274D0A9700204B8E /* GLKit.framework */,
				04CE36B3274D0A8400204B8E /* CoreFoundation.framework */,
				04CE36B1274D0A7700204B8E /* AVKit.framework */,
				04CE36AB274D0A2700204B8E /* CoreImage.framework */,
				04CE36A9274D09FB00204B8E /* AppKit.framework */,
				04CE36A7274D09A000204B8E /* CoreVideo.framework */,
				04CE36A5274D098600204B8E /* CoreGraphics.framework */,
				04CE36A3274D097600204B8E /* Cocoa.framework */,
				04CE36A1274D096A00204B8E /* MetalKit.framework */,
				04CE369F274D096600204B8E /* Metal.framework */,
			);
			name = Frameworks;
			sourceTree = "<group>";
		};
		04CE36BA274D0BE900204B8E /* io */ = {
			isa = PBXGroup;
			children = (
				04CE36FE274D0D6A00204B8E /* archive.h */,
				04CE36FB274D0D6A00204B8E /* archive.cc */,
				04CE36FD274D0D6A00204B8E /* archive_traits.h */,
				04CE36FC274D0D6A00204B8E /* stream.h */,
				04CE36FA274D0D6A00204B8E /* stream.cc */,
			);
			path = io;
			sourceTree = "<group>";
		};
		04CE36BB274D0BF200204B8E /* maths */ = {
			isa = PBXGroup;
			children = (
				04CE36E1274D0CDB00204B8E /* math_constant.h */,
				04CE36E2274D0CDB00204B8E /* math_ex.h */,
				04CE36DF274D0CDB00204B8E /* vec_float.h */,
				04CE36DD274D0CDB00204B8E /* quaternion.h */,
				04CE36EB274D0CDC00204B8E /* transform.h */,
				04CE36E8274D0CDC00204B8E /* math_archive.h */,
				04CE36E5274D0CDB00204B8E /* math_archive.cc */,
				04CE36BC274D0C0000204B8E /* internal */,
				04CE36EC274D0CDC00204B8E /* simd_math.h */,
				04CE36EA274D0CDC00204B8E /* simd_math.cc */,
				04CE36DE274D0CDB00204B8E /* simd_math_archive.h */,
				04CE36E7274D0CDC00204B8E /* simd_math_archive.cc */,
				04CE36E6274D0CDC00204B8E /* simd_quaternion.h */,
				04CE36ED274D0CDC00204B8E /* soa_float.h */,
				04CE36E4274D0CDB00204B8E /* soa_float4x4.h */,
				04CE36F1274D0CDC00204B8E /* soa_quaternion.h */,
				04CE36E0274D0CDB00204B8E /* soa_transform.h */,
				04CE36E3274D0CDB00204B8E /* soa_math_archive.h */,
				04CE36F0274D0CDC00204B8E /* soa_math_archive.cc */,
				04CE36EE274D0CDC00204B8E /* rect.h */,
				04CE36E9274D0CDC00204B8E /* box.h */,
				04CE36EF274D0CDC00204B8E /* box.cc */,
				04CE36DC274D0CDB00204B8E /* gtest_math_helper.h */,
			);
			path = maths;
			sourceTree = "<group>";
		};
		04CE36BC274D0C0000204B8E /* internal */ = {
			isa = PBXGroup;
			children = (
				04CE36F8274D0CE600204B8E /* simd_math_config.h */,
				04CE36F9274D0CE600204B8E /* simd_math_ref-inl.h */,
				04CE36F7274D0CE600204B8E /* simd_math_sse-inl.h */,
			);
			path = internal;
			sourceTree = "<group>";
		};
		04CE36BD274D0C0E00204B8E /* containers */ = {
			isa = PBXGroup;
			children = (
				04CE36D9274D0CAC00204B8E /* std_allocator.h */,
				04CE36CE274D0CAB00204B8E /* string.h */,
				04CE36CF274D0CAB00204B8E /* string_archive.cc */,
				04CE36D8274D0CAC00204B8E /* string_archive.h */,
				04CE36D0274D0CAB00204B8E /* vector.h */,
				04CE36DA274D0CAC00204B8E /* vector_archive.h */,
				04CE36D2274D0CAB00204B8E /* deque.h */,
				04CE36CD274D0CAB00204B8E /* list.h */,
				04CE36CC274D0CAB00204B8E /* intrusive_list.h */,
				04CE36D4274D0CAB00204B8E /* map.h */,
				04CE36D1274D0CAB00204B8E /* queue.h */,
				04CE36D5274D0CAC00204B8E /* set.h */,
				04CE36D6274D0CAC00204B8E /* stack.h */,
				04CE36D7274D0CAC00204B8E /* unordered_map.h */,
				04CE36D3274D0CAB00204B8E /* unordered_set.h */,
			);
			path = containers;
			sourceTree = "<group>";
		};
		04CE36BE274D0C1D00204B8E /* memory */ = {
			isa = PBXGroup;
			children = (
				04CE36C8274D0C8900204B8E /* allocator.h */,
				04CE36CA274D0C8900204B8E /* allocator.cc */,
				04CE36C9274D0C8900204B8E /* unique_ptr.h */,
			);
			path = memory;
			sourceTree = "<group>";
		};
/* End PBXGroup section */

/* Begin PBXNativeTarget section */
		04CE367B274D077100204B8E /* apps */ = {
			isa = PBXNativeTarget;
			buildConfigurationList = 04CE3683274D077100204B8E /* Build configuration list for PBXNativeTarget "apps" */;
			buildPhases = (
				04CE3678274D077100204B8E /* Sources */,
				04CE3679274D077100204B8E /* Frameworks */,
				04CE367A274D077100204B8E /* CopyFiles */,
			);
			buildRules = (
			);
			dependencies = (
			);
			name = apps;
			productName = DigitalVox3;
			productReference = 04CE367C274D077100204B8E /* apps */;
			productType = "com.apple.product-type.tool";
		};
/* End PBXNativeTarget section */

/* Begin PBXProject section */
		04CE3674274D077100204B8E /* Project object */ = {
			isa = PBXProject;
			attributes = {
				BuildIndependentTargetsInParallel = 1;
				LastUpgradeCheck = 1310;
				TargetAttributes = {
					04CE367B274D077100204B8E = {
						CreatedOnToolsVersion = 13.1;
					};
				};
			};
			buildConfigurationList = 04CE3677274D077100204B8E /* Build configuration list for PBXProject "DigitalVox3" */;
			compatibilityVersion = "Xcode 13.0";
			developmentRegion = en;
			hasScannedForEncodings = 0;
			knownRegions = (
				en,
				Base,
			);
			mainGroup = 04CE3673274D077100204B8E;
			productRefGroup = 04CE367D274D077100204B8E /* Products */;
			projectDirPath = "";
			projectRoot = "";
			targets = (
				04CE367B274D077100204B8E /* apps */,
			);
		};
/* End PBXProject section */

/* Begin PBXSourcesBuildPhase section */
		04CE3678274D077100204B8E /* Sources */ = {
			isa = PBXSourcesBuildPhase;
			buildActionMask = 2147483647;
			files = (
				04CE36C7274D0C5B00204B8E /* log.cc in Sources */,
				04CE36FF274D0D6A00204B8E /* stream.cc in Sources */,
				04CE36DB274D0CAC00204B8E /* string_archive.cc in Sources */,
				04CE3700274D0D6A00204B8E /* archive.cc in Sources */,
				04CE3698274D08BC00204B8E /* imgui_impl_glfw.cpp in Sources */,
				04CE36F5274D0CDC00204B8E /* box.cc in Sources */,
				04CE3699274D08BC00204B8E /* imgui_impl_metal.mm in Sources */,
				04CE36F4274D0CDC00204B8E /* simd_math.cc in Sources */,
				04CE36CB274D0C8A00204B8E /* allocator.cc in Sources */,
				04CE36F6274D0CDC00204B8E /* soa_math_archive.cc in Sources */,
				04CE3690274D089700204B8E /* imgui_draw.cpp in Sources */,
				04CE3693274D089700204B8E /* imgui_widgets.cpp in Sources */,
				04CE36F3274D0CDC00204B8E /* simd_math_archive.cc in Sources */,
				04CE3687274D086900204B8E /* main.mm in Sources */,
				04CE3691274D089700204B8E /* imgui_tables.cpp in Sources */,
				04CE36F2274D0CDC00204B8E /* math_archive.cc in Sources */,
				04CE3692274D089700204B8E /* imgui_demo.cpp in Sources */,
				04CE36C6274D0C5B00204B8E /* platform.cc in Sources */,
				04CE368F274D089700204B8E /* imgui.cpp in Sources */,
			);
			runOnlyForDeploymentPostprocessing = 0;
		};
/* End PBXSourcesBuildPhase section */

/* Begin XCBuildConfiguration section */
		04CE3681274D077100204B8E /* Debug */ = {
			isa = XCBuildConfiguration;
			buildSettings = {
				ALWAYS_SEARCH_USER_PATHS = NO;
				CLANG_ANALYZER_NONNULL = YES;
				CLANG_ANALYZER_NUMBER_OBJECT_CONVERSION = YES_AGGRESSIVE;
				CLANG_CXX_LANGUAGE_STANDARD = "gnu++17";
				CLANG_CXX_LIBRARY = "libc++";
				CLANG_ENABLE_MODULES = YES;
				CLANG_ENABLE_OBJC_ARC = YES;
				CLANG_ENABLE_OBJC_WEAK = YES;
				CLANG_WARN_BLOCK_CAPTURE_AUTORELEASING = YES;
				CLANG_WARN_BOOL_CONVERSION = YES;
				CLANG_WARN_COMMA = YES;
				CLANG_WARN_CONSTANT_CONVERSION = YES;
				CLANG_WARN_DEPRECATED_OBJC_IMPLEMENTATIONS = YES;
				CLANG_WARN_DIRECT_OBJC_ISA_USAGE = YES_ERROR;
				CLANG_WARN_DOCUMENTATION_COMMENTS = YES;
				CLANG_WARN_EMPTY_BODY = YES;
				CLANG_WARN_ENUM_CONVERSION = YES;
				CLANG_WARN_INFINITE_RECURSION = YES;
				CLANG_WARN_INT_CONVERSION = YES;
				CLANG_WARN_NON_LITERAL_NULL_CONVERSION = YES;
				CLANG_WARN_OBJC_IMPLICIT_RETAIN_SELF = YES;
				CLANG_WARN_OBJC_LITERAL_CONVERSION = YES;
				CLANG_WARN_OBJC_ROOT_CLASS = YES_ERROR;
				CLANG_WARN_QUOTED_INCLUDE_IN_FRAMEWORK_HEADER = YES;
				CLANG_WARN_RANGE_LOOP_ANALYSIS = YES;
				CLANG_WARN_STRICT_PROTOTYPES = YES;
				CLANG_WARN_SUSPICIOUS_MOVE = YES;
				CLANG_WARN_UNGUARDED_AVAILABILITY = YES_AGGRESSIVE;
				CLANG_WARN_UNREACHABLE_CODE = YES;
				CLANG_WARN__DUPLICATE_METHOD_MATCH = YES;
				COPY_PHASE_STRIP = NO;
				DEBUG_INFORMATION_FORMAT = dwarf;
				ENABLE_STRICT_OBJC_MSGSEND = YES;
				ENABLE_TESTABILITY = YES;
				GCC_C_LANGUAGE_STANDARD = gnu11;
				GCC_DYNAMIC_NO_PIC = NO;
				GCC_NO_COMMON_BLOCKS = YES;
				GCC_OPTIMIZATION_LEVEL = 0;
				GCC_PREPROCESSOR_DEFINITIONS = (
					"DEBUG=1",
					"$(inherited)",
				);
				GCC_WARN_64_TO_32_BIT_CONVERSION = YES;
				GCC_WARN_ABOUT_RETURN_TYPE = YES_ERROR;
				GCC_WARN_UNDECLARED_SELECTOR = YES;
				GCC_WARN_UNINITIALIZED_AUTOS = YES_AGGRESSIVE;
				GCC_WARN_UNUSED_FUNCTION = YES;
				GCC_WARN_UNUSED_VARIABLE = YES;
				MACOSX_DEPLOYMENT_TARGET = 12.0;
				MTL_ENABLE_DEBUG_INFO = INCLUDE_SOURCE;
				MTL_FAST_MATH = YES;
				ONLY_ACTIVE_ARCH = YES;
				SDKROOT = macosx;
			};
			name = Debug;
		};
		04CE3682274D077100204B8E /* Release */ = {
			isa = XCBuildConfiguration;
			buildSettings = {
				ALWAYS_SEARCH_USER_PATHS = NO;
				CLANG_ANALYZER_NONNULL = YES;
				CLANG_ANALYZER_NUMBER_OBJECT_CONVERSION = YES_AGGRESSIVE;
				CLANG_CXX_LANGUAGE_STANDARD = "gnu++17";
				CLANG_CXX_LIBRARY = "libc++";
				CLANG_ENABLE_MODULES = YES;
				CLANG_ENABLE_OBJC_ARC = YES;
				CLANG_ENABLE_OBJC_WEAK = YES;
				CLANG_WARN_BLOCK_CAPTURE_AUTORELEASING = YES;
				CLANG_WARN_BOOL_CONVERSION = YES;
				CLANG_WARN_COMMA = YES;
				CLANG_WARN_CONSTANT_CONVERSION = YES;
				CLANG_WARN_DEPRECATED_OBJC_IMPLEMENTATIONS = YES;
				CLANG_WARN_DIRECT_OBJC_ISA_USAGE = YES_ERROR;
				CLANG_WARN_DOCUMENTATION_COMMENTS = YES;
				CLANG_WARN_EMPTY_BODY = YES;
				CLANG_WARN_ENUM_CONVERSION = YES;
				CLANG_WARN_INFINITE_RECURSION = YES;
				CLANG_WARN_INT_CONVERSION = YES;
				CLANG_WARN_NON_LITERAL_NULL_CONVERSION = YES;
				CLANG_WARN_OBJC_IMPLICIT_RETAIN_SELF = YES;
				CLANG_WARN_OBJC_LITERAL_CONVERSION = YES;
				CLANG_WARN_OBJC_ROOT_CLASS = YES_ERROR;
				CLANG_WARN_QUOTED_INCLUDE_IN_FRAMEWORK_HEADER = YES;
				CLANG_WARN_RANGE_LOOP_ANALYSIS = YES;
				CLANG_WARN_STRICT_PROTOTYPES = YES;
				CLANG_WARN_SUSPICIOUS_MOVE = YES;
				CLANG_WARN_UNGUARDED_AVAILABILITY = YES_AGGRESSIVE;
				CLANG_WARN_UNREACHABLE_CODE = YES;
				CLANG_WARN__DUPLICATE_METHOD_MATCH = YES;
				COPY_PHASE_STRIP = NO;
				DEBUG_INFORMATION_FORMAT = "dwarf-with-dsym";
				ENABLE_NS_ASSERTIONS = NO;
				ENABLE_STRICT_OBJC_MSGSEND = YES;
				GCC_C_LANGUAGE_STANDARD = gnu11;
				GCC_NO_COMMON_BLOCKS = YES;
				GCC_WARN_64_TO_32_BIT_CONVERSION = YES;
				GCC_WARN_ABOUT_RETURN_TYPE = YES_ERROR;
				GCC_WARN_UNDECLARED_SELECTOR = YES;
				GCC_WARN_UNINITIALIZED_AUTOS = YES_AGGRESSIVE;
				GCC_WARN_UNUSED_FUNCTION = YES;
				GCC_WARN_UNUSED_VARIABLE = YES;
				MACOSX_DEPLOYMENT_TARGET = 12.0;
				MTL_ENABLE_DEBUG_INFO = NO;
				MTL_FAST_MATH = YES;
				SDKROOT = macosx;
			};
			name = Release;
		};
		04CE3684274D077100204B8E /* Debug */ = {
			isa = XCBuildConfiguration;
			buildSettings = {
				CODE_SIGN_ENTITLEMENTS = apps/apps.entitlements;
				CODE_SIGN_IDENTITY = "-";
				CODE_SIGN_STYLE = Automatic;
				DEVELOPMENT_TEAM = 4SL5L673UU;
				ENABLE_HARDENED_RUNTIME = YES;
				LIBRARY_SEARCH_PATHS = /usr/local/lib;
				OTHER_LDFLAGS = "-lglfw";
				PRODUCT_NAME = "$(TARGET_NAME)";
				SYSTEM_HEADER_SEARCH_PATHS = /usr/local/include;
			};
			name = Debug;
		};
		04CE3685274D077100204B8E /* Release */ = {
			isa = XCBuildConfiguration;
			buildSettings = {
				CODE_SIGN_ENTITLEMENTS = apps/apps.entitlements;
				CODE_SIGN_IDENTITY = "-";
				CODE_SIGN_STYLE = Automatic;
				DEVELOPMENT_TEAM = 4SL5L673UU;
				ENABLE_HARDENED_RUNTIME = YES;
				LIBRARY_SEARCH_PATHS = /usr/local/lib;
				OTHER_LDFLAGS = "-lglfw";
				PRODUCT_NAME = "$(TARGET_NAME)";
				SYSTEM_HEADER_SEARCH_PATHS = /usr/local/include;
			};
			name = Release;
		};
/* End XCBuildConfiguration section */

/* Begin XCConfigurationList section */
		04CE3677274D077100204B8E /* Build configuration list for PBXProject "DigitalVox3" */ = {
			isa = XCConfigurationList;
			buildConfigurations = (
				04CE3681274D077100204B8E /* Debug */,
				04CE3682274D077100204B8E /* Release */,
			);
			defaultConfigurationIsVisible = 0;
			defaultConfigurationName = Release;
		};
		04CE3683274D077100204B8E /* Build configuration list for PBXNativeTarget "apps" */ = {
			isa = XCConfigurationList;
			buildConfigurations = (
				04CE3684274D077100204B8E /* Debug */,
				04CE3685274D077100204B8E /* Release */,
			);
			defaultConfigurationIsVisible = 0;
			defaultConfigurationName = Release;
		};
/* End XCConfigurationList section */
	};
	rootObject = 04CE3674274D077100204B8E /* Project object */;
}
